
Microsoft Visual Studio Solution File, Format Version 12.00
# Visual Studio Version 17
VisualStudioVersion = 17.11.35017.193
MinimumVisualStudioVersion = 10.0.40219.1
Project("{FAE04EC0-301F-11D3-BF4B-00C04F79EFBC}") = "unkwn", "unkwn.csproj", "{99411049-31EB-4AE5-B6C1-7EB020D163F0}"
EndProject
Global
	GlobalSection(SolutionConfigurationPlatforms) = preSolution
		Debug|Any CPU = Debug|Any CPU
		Release|Any CPU = Release|Any CPU
	EndGlobalSection
	GlobalSection(ProjectConfigurationPlatforms) = postSolution
		{99411049-31EB-4AE5-B6C1-7EB020D163F0}.Debug|Any CPU.ActiveCfg = Debug|Any CPU
		{99411049-31EB-4AE5-B6C1-7EB020D163F0}.Debug|Any CPU.Build.0 = Debug|Any CPU
		{99411049-31EB-4AE5-B6C1-7EB020D163F0}.Release|Any CPU.ActiveCfg = Release|Any CPU
		{99411049-31EB-4AE5-B6C1-7EB020D163F0}.Release|Any CPU.Build.0 = Release|Any CPU
	EndGlobalSection
	GlobalSection(SolutionProperties) = preSolution
		HideSolutionNode = FALSE
	EndGlobalSection
	GlobalSection(ExtensibilityGlobals) = postSolution
		SolutionGuid = {C417DFB8-4606-400D-BF26-DD9124ED124F}
	EndGlobalSection
EndGlobal
